// !$*UTF8*$!
{
	archiveVersion = 1;
	classes = {
	};
	objectVersion = 56;
	objects = {

/* Begin PBXBuildFile section */
		0B88C3A22C56D08200C1E9A3 /* AppDelegate.swift in Sources */ = {isa = PBXBuildFile; fileRef = 0B88C3A12C56D08200C1E9A3 /* AppDelegate.swift */; };
		0B88C3A42C56D08200C1E9A3 /* SceneDelegate.swift in Sources */ = {isa = PBXBuildFile; fileRef = 0B88C3A32C56D08200C1E9A3 /* SceneDelegate.swift */; };
		0B88C3A62C56D08200C1E9A3 /* ViewController.swift in Sources */ = {isa = PBXBuildFile; fileRef = 0B88C3A52C56D08200C1E9A3 /* ViewController.swift */; };
		0B88C3A92C56D08200C1E9A3 /* Main.storyboard in Resources */ = {isa = PBXBuildFile; fileRef = 0B88C3A72C56D08200C1E9A3 /* Main.storyboard */; };
		0B88C3AB2C56D08400C1E9A3 /* Assets.xcassets in Resources */ = {isa = PBXBuildFile; fileRef = 0B88C3AA2C56D08400C1E9A3 /* Assets.xcassets */; };
		0B88C3AE2C56D08400C1E9A3 /* LaunchScreen.storyboard in Resources */ = {isa = PBXBuildFile; fileRef = 0B88C3AC2C56D08400C1E9A3 /* LaunchScreen.storyboard */; };
		0B88C3BC2C58196900C1E9A3 /* UIKitSampleAppTests.swift in Sources */ = {isa = PBXBuildFile; fileRef = 0B88C3BB2C58196900C1E9A3 /* UIKitSampleAppTests.swift */; };
		0B88C3C32C5822BC00C1E9A3 /* DetailedViewController.swift in Sources */ = {isa = PBXBuildFile; fileRef = 0B88C3C22C5822BC00C1E9A3 /* DetailedViewController.swift */; };
		0BA836DF2C5ABB8100378763 /* Protocols.swift in Sources */ = {isa = PBXBuildFile; fileRef = 0BA836DE2C5ABB8100378763 /* Protocols.swift */; };
/* End PBXBuildFile section */

/* Begin PBXContainerItemProxy section */
		0B88C3BD2C58196900C1E9A3 /* PBXContainerItemProxy */ = {
			isa = PBXContainerItemProxy;
			containerPortal = 0B88C3962C56D08200C1E9A3 /* Project object */;
			proxyType = 1;
			remoteGlobalIDString = 0B88C39D2C56D08200C1E9A3;
			remoteInfo = UIKitSampleApp;
		};
/* End PBXContainerItemProxy section */

/* Begin PBXFileReference section */
		0B88C39E2C56D08200C1E9A3 /* UIKitSession.app */ = {isa = PBXFileReference; explicitFileType = wrapper.application; includeInIndex = 0; path = UIKitSession.app; sourceTree = BUILT_PRODUCTS_DIR; };
		0B88C3A12C56D08200C1E9A3 /* AppDelegate.swift */ = {isa = PBXFileReference; lastKnownFileType = sourcecode.swift; path = AppDelegate.swift; sourceTree = "<group>"; };
		0B88C3A32C56D08200C1E9A3 /* SceneDelegate.swift */ = {isa = PBXFileReference; lastKnownFileType = sourcecode.swift; path = SceneDelegate.swift; sourceTree = "<group>"; };
		0B88C3A52C56D08200C1E9A3 /* ViewController.swift */ = {isa = PBXFileReference; lastKnownFileType = sourcecode.swift; path = ViewController.swift; sourceTree = "<group>"; };
		0B88C3A82C56D08200C1E9A3 /* Base */ = {isa = PBXFileReference; lastKnownFileType = file.storyboard; name = Base; path = Base.lproj/Main.storyboard; sourceTree = "<group>"; };
		0B88C3AA2C56D08400C1E9A3 /* Assets.xcassets */ = {isa = PBXFileReference; lastKnownFileType = folder.assetcatalog; path = Assets.xcassets; sourceTree = "<group>"; };
		0B88C3AD2C56D08400C1E9A3 /* Base */ = {isa = PBXFileReference; lastKnownFileType = file.storyboard; name = Base; path = Base.lproj/LaunchScreen.storyboard; sourceTree = "<group>"; };
		0B88C3AF2C56D08400C1E9A3 /* Info.plist */ = {isa = PBXFileReference; lastKnownFileType = text.plist.xml; path = Info.plist; sourceTree = "<group>"; };
		0B88C3B92C58196900C1E9A3 /* UIKitSessionTests.xctest */ = {isa = PBXFileReference; explicitFileType = wrapper.cfbundle; includeInIndex = 0; path = UIKitSessionTests.xctest; sourceTree = BUILT_PRODUCTS_DIR; };
		0B88C3BB2C58196900C1E9A3 /* UIKitSampleAppTests.swift */ = {isa = PBXFileReference; lastKnownFileType = sourcecode.swift; path = UIKitSampleAppTests.swift; sourceTree = "<group>"; };
		0B88C3C22C5822BC00C1E9A3 /* DetailedViewController.swift */ = {isa = PBXFileReference; lastKnownFileType = sourcecode.swift; path = DetailedViewController.swift; sourceTree = "<group>"; };
		0BA836DE2C5ABB8100378763 /* Protocols.swift */ = {isa = PBXFileReference; lastKnownFileType = sourcecode.swift; path = Protocols.swift; sourceTree = "<group>"; };
/* End PBXFileReference section */

/* Begin PBXFrameworksBuildPhase section */
		0B88C39B2C56D08200C1E9A3 /* Frameworks */ = {
			isa = PBXFrameworksBuildPhase;
			buildActionMask = 2147483647;
			files = (
			);
			runOnlyForDeploymentPostprocessing = 0;
		};
		0B88C3B62C58196900C1E9A3 /* Frameworks */ = {
			isa = PBXFrameworksBuildPhase;
			buildActionMask = 2147483647;
			files = (
			);
			runOnlyForDeploymentPostprocessing = 0;
		};
/* End PBXFrameworksBuildPhase section */

/* Begin PBXGroup section */
		0B88C3952C56D08200C1E9A3 = {
			isa = PBXGroup;
			children = (
				0B88C3A02C56D08200C1E9A3 /* UIKitSampleApp */,
				0B88C3BA2C58196900C1E9A3 /* UIKitSampleAppTests */,
				0B88C39F2C56D08200C1E9A3 /* Products */,
			);
			sourceTree = "<group>";
		};
		0B88C39F2C56D08200C1E9A3 /* Products */ = {
			isa = PBXGroup;
			children = (
				0B88C39E2C56D08200C1E9A3 /* UIKitSession.app */,
				0B88C3B92C58196900C1E9A3 /* UIKitSessionTests.xctest */,
			);
			name = Products;
			sourceTree = "<group>";
		};
		0B88C3A02C56D08200C1E9A3 /* UIKitSampleApp */ = {
			isa = PBXGroup;
			children = (
				0BA836E02C5ABD6600378763 /* PDFs */,
				0B88C3A12C56D08200C1E9A3 /* AppDelegate.swift */,
				0B88C3A32C56D08200C1E9A3 /* SceneDelegate.swift */,
				0B88C3A52C56D08200C1E9A3 /* ViewController.swift */,
				0BA836DE2C5ABB8100378763 /* Protocols.swift */,
				0B88C3C22C5822BC00C1E9A3 /* DetailedViewController.swift */,
				0B88C3A72C56D08200C1E9A3 /* Main.storyboard */,
				0B88C3AA2C56D08400C1E9A3 /* Assets.xcassets */,
				0B88C3AC2C56D08400C1E9A3 /* LaunchScreen.storyboard */,
				0B88C3AF2C56D08400C1E9A3 /* Info.plist */,
			);
			path = UIKitSampleApp;
			sourceTree = "<group>";
		};
		0B88C3BA2C58196900C1E9A3 /* UIKitSampleAppTests */ = {
			isa = PBXGroup;
			children = (
				0B88C3BB2C58196900C1E9A3 /* UIKitSampleAppTests.swift */,
			);
			path = UIKitSampleAppTests;
			sourceTree = "<group>";
		};
		0BA836E02C5ABD6600378763 /* PDFs */ = {
			isa = PBXGroup;
			children = (
			);
			path = PDFs;
			sourceTree = "<group>";
		};
/* End PBXGroup section */

/* Begin PBXNativeTarget section */
		0B88C39D2C56D08200C1E9A3 /* UIKitSession */ = {
			isa = PBXNativeTarget;
			buildConfigurationList = 0B88C3B22C56D08400C1E9A3 /* Build configuration list for PBXNativeTarget "UIKitSession" */;
			buildPhases = (
				0B88C39A2C56D08200C1E9A3 /* Sources */,
				0B88C39B2C56D08200C1E9A3 /* Frameworks */,
				0B88C39C2C56D08200C1E9A3 /* Resources */,
			);
			buildRules = (
			);
			dependencies = (
			);
			name = UIKitSession;
			productName = UIKitSampleApp;
			productReference = 0B88C39E2C56D08200C1E9A3 /* UIKitSession.app */;
			productType = "com.apple.product-type.application";
		};
		0B88C3B82C58196900C1E9A3 /* UIKitSessionTests */ = {
			isa = PBXNativeTarget;
			buildConfigurationList = 0B88C3BF2C58196900C1E9A3 /* Build configuration list for PBXNativeTarget "UIKitSessionTests" */;
			buildPhases = (
				0B88C3B52C58196900C1E9A3 /* Sources */,
				0B88C3B62C58196900C1E9A3 /* Frameworks */,
				0B88C3B72C58196900C1E9A3 /* Resources */,
			);
			buildRules = (
			);
			dependencies = (
				0B88C3BE2C58196900C1E9A3 /* PBXTargetDependency */,
			);
			name = UIKitSessionTests;
			productName = UIKitSampleAppTests;
			productReference = 0B88C3B92C58196900C1E9A3 /* UIKitSessionTests.xctest */;
			productType = "com.apple.product-type.bundle.unit-test";
		};
/* End PBXNativeTarget section */

/* Begin PBXProject section */
		0B88C3962C56D08200C1E9A3 /* Project object */ = {
			isa = PBXProject;
			attributes = {
				BuildIndependentTargetsInParallel = 1;
				LastSwiftUpdateCheck = 1420;
				LastUpgradeCheck = 1420;
				TargetAttributes = {
					0B88C39D2C56D08200C1E9A3 = {
						CreatedOnToolsVersion = 14.2;
					};
					0B88C3B82C58196900C1E9A3 = {
						CreatedOnToolsVersion = 14.2;
						TestTargetID = 0B88C39D2C56D08200C1E9A3;
					};
				};
			};
			buildConfigurationList = 0B88C3992C56D08200C1E9A3 /* Build configuration list for PBXProject "UIKitSession" */;
			compatibilityVersion = "Xcode 14.0";
			developmentRegion = en;
			hasScannedForEncodings = 0;
			knownRegions = (
				en,
				Base,
			);
			mainGroup = 0B88C3952C56D08200C1E9A3;
			productRefGroup = 0B88C39F2C56D08200C1E9A3 /* Products */;
			projectDirPath = "";
			projectRoot = "";
			targets = (
				0B88C39D2C56D08200C1E9A3 /* UIKitSession */,
				0B88C3B82C58196900C1E9A3 /* UIKitSessionTests */,
			);
		};
/* End PBXProject section */

/* Begin PBXResourcesBuildPhase section */
		0B88C39C2C56D08200C1E9A3 /* Resources */ = {
			isa = PBXResourcesBuildPhase;
			buildActionMask = 2147483647;
			files = (
				0B88C3AE2C56D08400C1E9A3 /* LaunchScreen.storyboard in Resources */,
				0B88C3AB2C56D08400C1E9A3 /* Assets.xcassets in Resources */,
				0B88C3A92C56D08200C1E9A3 /* Main.storyboard in Resources */,
			);
			runOnlyForDeploymentPostprocessing = 0;
		};
		0B88C3B72C58196900C1E9A3 /* Resources */ = {
			isa = PBXResourcesBuildPhase;
			buildActionMask = 2147483647;
			files = (
			);
			runOnlyForDeploymentPostprocessing = 0;
		};
/* End PBXResourcesBuildPhase section */

/* Begin PBXSourcesBuildPhase section */
		0B88C39A2C56D08200C1E9A3 /* Sources */ = {
			isa = PBXSourcesBuildPhase;
			buildActionMask = 2147483647;
			files = (
				0BA836DF2C5ABB8100378763 /* Protocols.swift in Sources */,
				0B88C3A62C56D08200C1E9A3 /* ViewController.swift in Sources */,
				0B88C3C32C5822BC00C1E9A3 /* DetailedViewController.swift in Sources */,
				0B88C3A22C56D08200C1E9A3 /* AppDelegate.swift in Sources */,
				0B88C3A42C56D08200C1E9A3 /* SceneDelegate.swift in Sources */,
			);
			runOnlyForDeploymentPostprocessing = 0;
		};
		0B88C3B52C58196900C1E9A3 /* Sources */ = {
			isa = PBXSourcesBuildPhase;
			buildActionMask = 2147483647;
			files = (
				0B88C3BC2C58196900C1E9A3 /* UIKitSampleAppTests.swift in Sources */,
			);
			runOnlyForDeploymentPostprocessing = 0;
		};
/* End PBXSourcesBuildPhase section */

/* Begin PBXTargetDependency section */
		0B88C3BE2C58196900C1E9A3 /* PBXTargetDependency */ = {
			isa = PBXTargetDependency;
			target = 0B88C39D2C56D08200C1E9A3 /* UIKitSession */;
			targetProxy = 0B88C3BD2C58196900C1E9A3 /* PBXContainerItemProxy */;
		};
/* End PBXTargetDependency section */

/* Begin PBXVariantGroup section */
		0B88C3A72C56D08200C1E9A3 /* Main.storyboard */ = {
			isa = PBXVariantGroup;
			children = (
				0B88C3A82C56D08200C1E9A3 /* Base */,
			);
			name = Main.storyboard;
			sourceTree = "<group>";
		};
		0B88C3AC2C56D08400C1E9A3 /* LaunchScreen.storyboard */ = {
			isa = PBXVariantGroup;
			children = (
				0B88C3AD2C56D08400C1E9A3 /* Base */,
			);
			name = LaunchScreen.storyboard;
			sourceTree = "<group>";
		};
/* End PBXVariantGroup section */

/* Begin XCBuildConfiguration section */
		0B88C3B02C56D08400C1E9A3 /* Debug */ = {
			isa = XCBuildConfiguration;
			buildSettings = {
				ALWAYS_SEARCH_USER_PATHS = NO;
				CLANG_ANALYZER_NONNULL = YES;
				CLANG_ANALYZER_NUMBER_OBJECT_CONVERSION = YES_AGGRESSIVE;
				CLANG_CXX_LANGUAGE_STANDARD = "gnu++20";
				CLANG_ENABLE_MODULES = YES;
				CLANG_ENABLE_OBJC_ARC = YES;
				CLANG_ENABLE_OBJC_WEAK = YES;
				CLANG_WARN_BLOCK_CAPTURE_AUTORELEASING = YES;
				CLANG_WARN_BOOL_CONVERSION = YES;
				CLANG_WARN_COMMA = YES;
				CLANG_WARN_CONSTANT_CONVERSION = YES;
				CLANG_WARN_DEPRECATED_OBJC_IMPLEMENTATIONS = YES;
				CLANG_WARN_DIRECT_OBJC_ISA_USAGE = YES_ERROR;
				CLANG_WARN_DOCUMENTATION_COMMENTS = YES;
				CLANG_WARN_EMPTY_BODY = YES;
				CLANG_WARN_ENUM_CONVERSION = YES;
				CLANG_WARN_INFINITE_RECURSION = YES;
				CLANG_WARN_INT_CONVERSION = YES;
				CLANG_WARN_NON_LITERAL_NULL_CONVERSION = YES;
				CLANG_WARN_OBJC_IMPLICIT_RETAIN_SELF = YES;
				CLANG_WARN_OBJC_LITERAL_CONVERSION = YES;
				CLANG_WARN_OBJC_ROOT_CLASS = YES_ERROR;
				CLANG_WARN_QUOTED_INCLUDE_IN_FRAMEWORK_HEADER = YES;
				CLANG_WARN_RANGE_LOOP_ANALYSIS = YES;
				CLANG_WARN_STRICT_PROTOTYPES = YES;
				CLANG_WARN_SUSPICIOUS_MOVE = YES;
				CLANG_WARN_UNGUARDED_AVAILABILITY = YES_AGGRESSIVE;
				CLANG_WARN_UNREACHABLE_CODE = YES;
				CLANG_WARN__DUPLICATE_METHOD_MATCH = YES;
				COPY_PHASE_STRIP = NO;
				DEBUG_INFORMATION_FORMAT = dwarf;
				ENABLE_STRICT_OBJC_MSGSEND = YES;
				ENABLE_TESTABILITY = YES;
				GCC_C_LANGUAGE_STANDARD = gnu11;
				GCC_DYNAMIC_NO_PIC = NO;
				GCC_NO_COMMON_BLOCKS = YES;
				GCC_OPTIMIZATION_LEVEL = 0;
				GCC_PREPROCESSOR_DEFINITIONS = (
					"DEBUG=1",
					"$(inherited)",
				);
				GCC_WARN_64_TO_32_BIT_CONVERSION = YES;
				GCC_WARN_ABOUT_RETURN_TYPE = YES_ERROR;
				GCC_WARN_UNDECLARED_SELECTOR = YES;
				GCC_WARN_UNINITIALIZED_AUTOS = YES_AGGRESSIVE;
				GCC_WARN_UNUSED_FUNCTION = YES;
				GCC_WARN_UNUSED_VARIABLE = YES;
				IPHONEOS_DEPLOYMENT_TARGET = 16.2;
				MTL_ENABLE_DEBUG_INFO = INCLUDE_SOURCE;
				MTL_FAST_MATH = YES;
				ONLY_ACTIVE_ARCH = YES;
				SDKROOT = iphoneos;
				SWIFT_ACTIVE_COMPILATION_CONDITIONS = DEBUG;
				SWIFT_OPTIMIZATION_LEVEL = "-Onone";
			};
			name = Debug;
		};
		0B88C3B12C56D08400C1E9A3 /* Release */ = {
			isa = XCBuildConfiguration;
			buildSettings = {
				ALWAYS_SEARCH_USER_PATHS = NO;
				CLANG_ANALYZER_NONNULL = YES;
				CLANG_ANALYZER_NUMBER_OBJECT_CONVERSION = YES_AGGRESSIVE;
				CLANG_CXX_LANGUAGE_STANDARD = "gnu++20";
				CLANG_ENABLE_MODULES = YES;
				CLANG_ENABLE_OBJC_ARC = YES;
				CLANG_ENABLE_OBJC_WEAK = YES;
				CLANG_WARN_BLOCK_CAPTURE_AUTORELEASING = YES;
				CLANG_WARN_BOOL_CONVERSION = YES;
				CLANG_WARN_COMMA = YES;
				CLANG_WARN_CONSTANT_CONVERSION = YES;
				CLANG_WARN_DEPRECATED_OBJC_IMPLEMENTATIONS = YES;
				CLANG_WARN_DIRECT_OBJC_ISA_USAGE = YES_ERROR;
				CLANG_WARN_DOCUMENTATION_COMMENTS = YES;
				CLANG_WARN_EMPTY_BODY = YES;
				CLANG_WARN_ENUM_CONVERSION = YES;
				CLANG_WARN_INFINITE_RECURSION = YES;
				CLANG_WARN_INT_CONVERSION = YES;
				CLANG_WARN_NON_LITERAL_NULL_CONVERSION = YES;
				CLANG_WARN_OBJC_IMPLICIT_RETAIN_SELF = YES;
				CLANG_WARN_OBJC_LITERAL_CONVERSION = YES;
				CLANG_WARN_OBJC_ROOT_CLASS = YES_ERROR;
				CLANG_WARN_QUOTED_INCLUDE_IN_FRAMEWORK_HEADER = YES;
				CLANG_WARN_RANGE_LOOP_ANALYSIS = YES;
				CLANG_WARN_STRICT_PROTOTYPES = YES;
				CLANG_WARN_SUSPICIOUS_MOVE = YES;
				CLANG_WARN_UNGUARDED_AVAILABILITY = YES_AGGRESSIVE;
				CLANG_WARN_UNREACHABLE_CODE = YES;
				CLANG_WARN__DUPLICATE_METHOD_MATCH = YES;
				COPY_PHASE_STRIP = NO;
				DEBUG_INFORMATION_FORMAT = "dwarf-with-dsym";
				ENABLE_NS_ASSERTIONS = NO;
				ENABLE_STRICT_OBJC_MSGSEND = YES;
				GCC_C_LANGUAGE_STANDARD = gnu11;
				GCC_NO_COMMON_BLOCKS = YES;
				GCC_WARN_64_TO_32_BIT_CONVERSION = YES;
				GCC_WARN_ABOUT_RETURN_TYPE = YES_ERROR;
				GCC_WARN_UNDECLARED_SELECTOR = YES;
				GCC_WARN_UNINITIALIZED_AUTOS = YES_AGGRESSIVE;
				GCC_WARN_UNUSED_FUNCTION = YES;
				GCC_WARN_UNUSED_VARIABLE = YES;
				IPHONEOS_DEPLOYMENT_TARGET = 16.2;
				MTL_ENABLE_DEBUG_INFO = NO;
				MTL_FAST_MATH = YES;
				SDKROOT = iphoneos;
				SWIFT_COMPILATION_MODE = wholemodule;
				SWIFT_OPTIMIZATION_LEVEL = "-O";
				VALIDATE_PRODUCT = YES;
			};
			name = Release;
		};
		0B88C3B32C56D08400C1E9A3 /* Debug */ = {
			isa = XCBuildConfiguration;
			buildSettings = {
				ASSETCATALOG_COMPILER_APPICON_NAME = AppIcon;
				ASSETCATALOG_COMPILER_GLOBAL_ACCENT_COLOR_NAME = AccentColor;
				CODE_SIGN_STYLE = Automatic;
				CURRENT_PROJECT_VERSION = 1;
				DEVELOPMENT_TEAM = D2KUN44K2A;
				GENERATE_INFOPLIST_FILE = YES;
				INFOPLIST_FILE = UIKitSampleApp/Info.plist;
				INFOPLIST_KEY_UIApplicationSupportsIndirectInputEvents = YES;
				INFOPLIST_KEY_UILaunchStoryboardName = LaunchScreen;
				INFOPLIST_KEY_UIMainStoryboardFile = Main;
				INFOPLIST_KEY_UISupportedInterfaceOrientations_iPad = "UIInterfaceOrientationPortrait UIInterfaceOrientationPortraitUpsideDown UIInterfaceOrientationLandscapeLeft UIInterfaceOrientationLandscapeRight";
				INFOPLIST_KEY_UISupportedInterfaceOrientations_iPhone = "UIInterfaceOrientationPortrait UIInterfaceOrientationLandscapeLeft UIInterfaceOrientationLandscapeRight";
				LD_RUNPATH_SEARCH_PATHS = (
					"$(inherited)",
					"@executable_path/Frameworks",
				);
				MARKETING_VERSION = 1.0;
				PRODUCT_BUNDLE_IDENTIFIER = com.ppam.con.UIKitSampleApp;
				PRODUCT_NAME = "$(TARGET_NAME)";
				SWIFT_EMIT_LOC_STRINGS = YES;
				SWIFT_VERSION = 5.0;
				TARGETED_DEVICE_FAMILY = "1,2";
			};
			name = Debug;
		};
		0B88C3B42C56D08400C1E9A3 /* Release */ = {
			isa = XCBuildConfiguration;
			buildSettings = {
				ASSETCATALOG_COMPILER_APPICON_NAME = AppIcon;
				ASSETCATALOG_COMPILER_GLOBAL_ACCENT_COLOR_NAME = AccentColor;
				CODE_SIGN_STYLE = Automatic;
				CURRENT_PROJECT_VERSION = 1;
				DEVELOPMENT_TEAM = D2KUN44K2A;
				GENERATE_INFOPLIST_FILE = YES;
				INFOPLIST_FILE = UIKitSampleApp/Info.plist;
				INFOPLIST_KEY_UIApplicationSupportsIndirectInputEvents = YES;
				INFOPLIST_KEY_UILaunchStoryboardName = LaunchScreen;
				INFOPLIST_KEY_UIMainStoryboardFile = Main;
				INFOPLIST_KEY_UISupportedInterfaceOrientations_iPad = "UIInterfaceOrientationPortrait UIInterfaceOrientationPortraitUpsideDown UIInterfaceOrientationLandscapeLeft UIInterfaceOrientationLandscapeRight";
				INFOPLIST_KEY_UISupportedInterfaceOrientations_iPhone = "UIInterfaceOrientationPortrait UIInterfaceOrientationLandscapeLeft UIInterfaceOrientationLandscapeRight";
				LD_RUNPATH_SEARCH_PATHS = (
					"$(inherited)",
					"@executable_path/Frameworks",
				);
				MARKETING_VERSION = 1.0;
				PRODUCT_BUNDLE_IDENTIFIER = com.ppam.con.UIKitSampleApp;
				PRODUCT_NAME = "$(TARGET_NAME)";
				SWIFT_EMIT_LOC_STRINGS = YES;
				SWIFT_VERSION = 5.0;
				TARGETED_DEVICE_FAMILY = "1,2";
			};
			name = Release;
		};
		0B88C3C02C58196900C1E9A3 /* Debug */ = {
			isa = XCBuildConfiguration;
			buildSettings = {
				BUNDLE_LOADER = "$(TEST_HOST)";
				CODE_SIGN_STYLE = Automatic;
				CURRENT_PROJECT_VERSION = 1;
				DEVELOPMENT_TEAM = D2KUN44K2A;
				GENERATE_INFOPLIST_FILE = YES;
				MARKETING_VERSION = 1.0;
				PRODUCT_BUNDLE_IDENTIFIER = com.ppam.con.UIKitSampleAppTests;
				PRODUCT_NAME = "$(TARGET_NAME)";
				SWIFT_EMIT_LOC_STRINGS = NO;
				SWIFT_VERSION = 5.0;
				TARGETED_DEVICE_FAMILY = "1,2";
				TEST_HOST = "$(BUILT_PRODUCTS_DIR)/UIKitSession.app/$(BUNDLE_EXECUTABLE_FOLDER_PATH)/UIKitSession";
			};
			name = Debug;
		};
		0B88C3C12C58196900C1E9A3 /* Release */ = {
			isa = XCBuildConfiguration;
			buildSettings = {
				BUNDLE_LOADER = "$(TEST_HOST)";
				CODE_SIGN_STYLE = Automatic;
				CURRENT_PROJECT_VERSION = 1;
				DEVELOPMENT_TEAM = D2KUN44K2A;
				GENERATE_INFOPLIST_FILE = YES;
				MARKETING_VERSION = 1.0;
				PRODUCT_BUNDLE_IDENTIFIER = com.ppam.con.UIKitSampleAppTests;
				PRODUCT_NAME = "$(TARGET_NAME)";
				SWIFT_EMIT_LOC_STRINGS = NO;
				SWIFT_VERSION = 5.0;
				TARGETED_DEVICE_FAMILY = "1,2";
				TEST_HOST = "$(BUILT_PRODUCTS_DIR)/UIKitSession.app/$(BUNDLE_EXECUTABLE_FOLDER_PATH)/UIKitSession";
			};
			name = Release;
		};
/* End XCBuildConfiguration section */

/* Begin XCConfigurationList section */
		0B88C3992C56D08200C1E9A3 /* Build configuration list for PBXProject "UIKitSession" */ = {
			isa = XCConfigurationList;
			buildConfigurations = (
				0B88C3B02C56D08400C1E9A3 /* Debug */,
				0B88C3B12C56D08400C1E9A3 /* Release */,
			);
			defaultConfigurationIsVisible = 0;
			defaultConfigurationName = Release;
		};
		0B88C3B22C56D08400C1E9A3 /* Build configuration list for PBXNativeTarget "UIKitSession" */ = {
			isa = XCConfigurationList;
			buildConfigurations = (
				0B88C3B32C56D08400C1E9A3 /* Debug */,
				0B88C3B42C56D08400C1E9A3 /* Release */,
			);
			defaultConfigurationIsVisible = 0;
			defaultConfigurationName = Release;
		};
		0B88C3BF2C58196900C1E9A3 /* Build configuration list for PBXNativeTarget "UIKitSessionTests" */ = {
			isa = XCConfigurationList;
			buildConfigurations = (
				0B88C3C02C58196900C1E9A3 /* Debug */,
				0B88C3C12C58196900C1E9A3 /* Release */,
			);
			defaultConfigurationIsVisible = 0;
			defaultConfigurationName = Release;
		};
/* End XCConfigurationList section */
	};
	rootObject = 0B88C3962C56D08200C1E9A3 /* Project object */;
}
